github.com/magefile/mage v1.16.1 h1:j5UwkdA48xTlGs0Hcm1Q3sSAcxBorntQjiewDNMsqlo=
github.com/magefile/mage v1.16.1/go.mod h1:z5UZb/iS3GoOSn0JgWuiw7dxlurVYTu+/jHXqQg881A=
github.com/neovim/go-client v1.2.1 h1:kl3PgYgbnBfvaIoGYi3ojyXH0ouY6dJY/rYUCssZKqI=
github.com/neovim/go-client v1.2.1/go.mod h1:EeqCP3z1vJd70JTaH/KXz9RMZ/nIgEFveX83hYnh/7c=
golang.org/x/sys v0.47.0 h1:o7XGOvZQCADBQQ4Y7VNq2dRWQR7JmOUW8Kxx4ZsNgWs=
golang.org/x/sys v0.47.0/go.mod h1:4GL1E5IUh+htKOUEOaiffhrAeqysfVGipDYzABqnCmw=
